
Microsoft Visual Studio Solution File, Format Version 12.00
Project("{FAE04EC0-301F-11D3-BF4B-00C04F79EFBC}") = "TaskDebugger", "TaskDebugger\TaskDebugger.csproj", "{D5F5F71B-ECDE-401F-B1B6-34D1B67985A2}"
EndProject
Global
	GlobalSection(SolutionConfigurationPlatforms) = preSolution
		Debug|Any CPU = Debug|Any CPU
		Release|Any CPU = Release|Any CPU
	EndGlobalSection
	GlobalSection(ProjectConfigurationPlatforms) = postSolution
		{D5F5F71B-ECDE-401F-B1B6-34D1B67985A2}.Debug|Any CPU.ActiveCfg = Debug|Any CPU
		{D5F5F71B-ECDE-401F-B1B6-34D1B67985A2}.Debug|Any CPU.Build.0 = Debug|Any CPU
		{D5F5F71B-ECDE-401F-B1B6-34D1B67985A2}.Release|Any CPU.ActiveCfg = Release|Any CPU
		{D5F5F71B-ECDE-401F-B1B6-34D1B67985A2}.Release|Any CPU.Build.0 = Release|Any CPU
	EndGlobalSection
EndGlobal
